Microsoft Visual Studio Solution File, Format Version 12.00
# Visual Studio Version 17
VisualStudioVersion = 17.5.2.0
MinimumVisualStudioVersion = 10.0.40219.1
Project("{FAE04EC0-301F-11D3-BF4B-00C04F79EFBC}") = "VBT_proje", "LoginAPI.csproj", "{CFCBBF94-8A56-E156-228D-48E7A3ECD2AF}"
EndProject
Global
	GlobalSection(SolutionConfigurationPlatforms) = preSolution
		Debug|Any CPU = Debug|Any CPU
		Release|Any CPU = Release|Any CPU
	EndGlobalSection
	GlobalSection(ProjectConfigurationPlatforms) = postSolution
		{CFCBBF94-8A56-E156-228D-48E7A3ECD2AF}.Debug|Any CPU.ActiveCfg = Debug|Any CPU
		{CFCBBF94-8A56-E156-228D-48E7A3ECD2AF}.Debug|Any CPU.Build.0 = Debug|Any CPU
		{CFCBBF94-8A56-E156-228D-48E7A3ECD2AF}.Release|Any CPU.ActiveCfg = Release|Any CPU
		{CFCBBF94-8A56-E156-228D-48E7A3ECD2AF}.Release|Any CPU.Build.0 = Release|Any CPU
	EndGlobalSection
	GlobalSection(SolutionProperties) = preSolution
		HideSolutionNode = FALSE
	EndGlobalSection
	GlobalSection(ExtensibilityGlobals) = postSolution
		SolutionGuid = {5E6575ED-A738-4DCF-8BA4-BD63D9D7EF2B}
	EndGlobalSection
EndGlobal
